// !$*UTF8*$!
{
	archiveVersion = 1;
	classes = {
	};
	objectVersion = 50;
	objects = {

/* Begin PBXBuildFile section */
		EE75D47422E0F58600618223 /* HNKSimpleFetcher.m in Sources */ = {isa = PBXBuildFile; fileRef = EE75D46522E0F58400618223 /* HNKSimpleFetcher.m */; };
		EE75D47522E0F58600618223 /* UIImageView+Haneke.m in Sources */ = {isa = PBXBuildFile; fileRef = EE75D46722E0F58400618223 /* UIImageView+Haneke.m */; };
		EE75D47622E0F58600618223 /* HNKCache.m in Sources */ = {isa = PBXBuildFile; fileRef = EE75D46822E0F58400618223 /* HNKCache.m */; };
		EE75D47722E0F58600618223 /* HNKDiskFetcher.m in Sources */ = {isa = PBXBuildFile; fileRef = EE75D46A22E0F58400618223 /* HNKDiskFetcher.m */; };
		EE75D47822E0F58600618223 /* UIButton+Haneke.m in Sources */ = {isa = PBXBuildFile; fileRef = EE75D46B22E0F58500618223 /* UIButton+Haneke.m */; };
		EE75D47922E0F58600618223 /* UIView+Haneke.m in Sources */ = {isa = PBXBuildFile; fileRef = EE75D46D22E0F58500618223 /* UIView+Haneke.m */; };
		EE75D47A22E0F58600618223 /* HNKNetworkFetcher.m in Sources */ = {isa = PBXBuildFile; fileRef = EE75D47122E0F58500618223 /* HNKNetworkFetcher.m */; };
		EE75D47B22E0F58600618223 /* HNKDiskCache.m in Sources */ = {isa = PBXBuildFile; fileRef = EE75D47222E0F58500618223 /* HNKDiskCache.m */; };
		EE75D47D22E0FDF800618223 /* ArticleViewController.swift in Sources */ = {isa = PBXBuildFile; fileRef = EE75D47C22E0FDF800618223 /* ArticleViewController.swift */; };
		EE75D48222E1069A00618223 /* WebKit.framework in Frameworks */ = {isa = PBXBuildFile; fileRef = EE75D48122E1069A00618223 /* WebKit.framework */; };
		EEF29EB222E09D5B00BA2012 /* AppDelegate.swift in Sources */ = {isa = PBXBuildFile; fileRef = EEF29EB122E09D5B00BA2012 /* AppDelegate.swift */; };
		EEF29EB422E09D5B00BA2012 /* MainViewController.swift in Sources */ = {isa = PBXBuildFile; fileRef = EEF29EB322E09D5B00BA2012 /* MainViewController.swift */; };
		EEF29EB722E09D5B00BA2012 /* Main.storyboard in Resources */ = {isa = PBXBuildFile; fileRef = EEF29EB522E09D5B00BA2012 /* Main.storyboard */; };
		EEF29EB922E09D5D00BA2012 /* Assets.xcassets in Resources */ = {isa = PBXBuildFile; fileRef = EEF29EB822E09D5D00BA2012 /* Assets.xcassets */; };
		EEF29EBC22E09D5D00BA2012 /* LaunchScreen.storyboard in Resources */ = {isa = PBXBuildFile; fileRef = EEF29EBA22E09D5D00BA2012 /* LaunchScreen.storyboard */; };
		EEF29EC722E09D5D00BA2012 /* LobdditTests.swift in Sources */ = {isa = PBXBuildFile; fileRef = EEF29EC622E09D5D00BA2012 /* LobdditTests.swift */; };
		EEF29ED322E09EC400BA2012 /* RedditAPI.swift in Sources */ = {isa = PBXBuildFile; fileRef = EEF29ED222E09EC400BA2012 /* RedditAPI.swift */; };
		EEF29ED822E0A06E00BA2012 /* testData404.json in Resources */ = {isa = PBXBuildFile; fileRef = EEF29ED622E0A06E00BA2012 /* testData404.json */; };
		EEF29ED922E0A06E00BA2012 /* testData404.json in Resources */ = {isa = PBXBuildFile; fileRef = EEF29ED622E0A06E00BA2012 /* testData404.json */; };
		EEF29EDA22E0A06E00BA2012 /* testDataNormal.json in Resources */ = {isa = PBXBuildFile; fileRef = EEF29ED722E0A06E00BA2012 /* testDataNormal.json */; };
		EEF29EDB22E0A06E00BA2012 /* testDataNormal.json in Resources */ = {isa = PBXBuildFile; fileRef = EEF29ED722E0A06E00BA2012 /* testDataNormal.json */; };
		EEF29EDD22E0AA2E00BA2012 /* RedditModel.swift in Sources */ = {isa = PBXBuildFile; fileRef = EEF29EDC22E0AA2E00BA2012 /* RedditModel.swift */; };
		EEF29EDE22E0AA2E00BA2012 /* RedditModel.swift in Sources */ = {isa = PBXBuildFile; fileRef = EEF29EDC22E0AA2E00BA2012 /* RedditModel.swift */; };
		EEF29F0222E0E4C800BA2012 /* Alamofire.swift in Sources */ = {isa = PBXBuildFile; fileRef = EEF29EE022E0E4C600BA2012 /* Alamofire.swift */; };
		EEF29F0322E0E4C800BA2012 /* OperationQueue+Alamofire.swift in Sources */ = {isa = PBXBuildFile; fileRef = EEF29EE122E0E4C600BA2012 /* OperationQueue+Alamofire.swift */; };
		EEF29F0522E0E4C800BA2012 /* CachedResponseHandler.swift in Sources */ = {isa = PBXBuildFile; fileRef = EEF29EE322E0E4C600BA2012 /* CachedResponseHandler.swift */; };
		EEF29F0622E0E4C800BA2012 /* RequestInterceptor.swift in Sources */ = {isa = PBXBuildFile; fileRef = EEF29EE422E0E4C600BA2012 /* RequestInterceptor.swift */; };
		EEF29F0722E0E4C800BA2012 /* Protector.swift in Sources */ = {isa = PBXBuildFile; fileRef = EEF29EE522E0E4C600BA2012 /* Protector.swift */; };
		EEF29F0822E0E4C800BA2012 /* Response.swift in Sources */ = {isa = PBXBuildFile; fileRef = EEF29EE622E0E4C600BA2012 /* Response.swift */; };
		EEF29F0922E0E4C800BA2012 /* Notifications.swift in Sources */ = {isa = PBXBuildFile; fileRef = EEF29EE722E0E4C600BA2012 /* Notifications.swift */; };
		EEF29F0A22E0E4C800BA2012 /* RequestTaskMap.swift in Sources */ = {isa = PBXBuildFile; fileRef = EEF29EE822E0E4C600BA2012 /* RequestTaskMap.swift */; };
		EEF29F0B22E0E4C800BA2012 /* ResponseSerialization.swift in Sources */ = {isa = PBXBuildFile; fileRef = EEF29EE922E0E4C600BA2012 /* ResponseSerialization.swift */; };
		EEF29F0C22E0E4C800BA2012 /* DispatchQueue+Alamofire.swift in Sources */ = {isa = PBXBuildFile; fileRef = EEF29EEA22E0E4C600BA2012 /* DispatchQueue+Alamofire.swift */; };
		EEF29F0D22E0E4C800BA2012 /* Session.swift in Sources */ = {isa = PBXBuildFile; fileRef = EEF29EEB22E0E4C600BA2012 /* Session.swift */; };
		EEF29F0E22E0E4C800BA2012 /* URLSessionConfiguration+Alamofire.swift in Sources */ = {isa = PBXBuildFile; fileRef = EEF29EEC22E0E4C600BA2012 /* URLSessionConfiguration+Alamofire.swift */; };
		EEF29F0F22E0E4C800BA2012 /* ParameterEncoder.swift in Sources */ = {isa = PBXBuildFile; fileRef = EEF29EED22E0E4C600BA2012 /* ParameterEncoder.swift */; };
		EEF29F1022E0E4C800BA2012 /* AlamofireExtended.swift in Sources */ = {isa = PBXBuildFile; fileRef = EEF29EEE22E0E4C700BA2012 /* AlamofireExtended.swift */; };
		EEF29F1122E0E4C800BA2012 /* MultipartUpload.swift in Sources */ = {isa = PBXBuildFile; fileRef = EEF29EEF22E0E4C700BA2012 /* MultipartUpload.swift */; };
		EEF29F1222E0E4C800BA2012 /* RedirectHandler.swift in Sources */ = {isa = PBXBuildFile; fileRef = EEF29EF022E0E4C700BA2012 /* RedirectHandler.swift */; };
		EEF29F1322E0E4C800BA2012 /* EventMonitor.swift in Sources */ = {isa = PBXBuildFile; fileRef = EEF29EF122E0E4C700BA2012 /* EventMonitor.swift */; };
		EEF29F1422E0E4C800BA2012 /* ServerTrustEvaluation.swift in Sources */ = {isa = PBXBuildFile; fileRef = EEF29EF322E0E4C700BA2012 /* ServerTrustEvaluation.swift */; };
		EEF29F1522E0E4C800BA2012 /* ParameterEncoding.swift in Sources */ = {isa = PBXBuildFile; fileRef = EEF29EF422E0E4C700BA2012 /* ParameterEncoding.swift */; };
		EEF29F1622E0E4C800BA2012 /* Request.swift in Sources */ = {isa = PBXBuildFile; fileRef = EEF29EF522E0E4C700BA2012 /* Request.swift */; };
		EEF29F1722E0E4C800BA2012 /* MultipartFormData.swift in Sources */ = {isa = PBXBuildFile; fileRef = EEF29EF622E0E4C700BA2012 /* MultipartFormData.swift */; };
		EEF29F1822E0E4C800BA2012 /* URLConvertible+URLRequestConvertible.swift in Sources */ = {isa = PBXBuildFile; fileRef = EEF29EF722E0E4C700BA2012 /* URLConvertible+URLRequestConvertible.swift */; };
		EEF29F1922E0E4C800BA2012 /* AFResult.swift in Sources */ = {isa = PBXBuildFile; fileRef = EEF29EF822E0E4C700BA2012 /* AFResult.swift */; };
		EEF29F1A22E0E4C800BA2012 /* URLEncodedFormEncoder.swift in Sources */ = {isa = PBXBuildFile; fileRef = EEF29EF922E0E4C700BA2012 /* URLEncodedFormEncoder.swift */; };
		EEF29F1B22E0E4C800BA2012 /* SessionDelegate.swift in Sources */ = {isa = PBXBuildFile; fileRef = EEF29EFA22E0E4C700BA2012 /* SessionDelegate.swift */; };
		EEF29F1C22E0E4C800BA2012 /* URLRequest+Alamofire.swift in Sources */ = {isa = PBXBuildFile; fileRef = EEF29EFB22E0E4C700BA2012 /* URLRequest+Alamofire.swift */; };
		EEF29F1D22E0E4C800BA2012 /* HTTPHeaders.swift in Sources */ = {isa = PBXBuildFile; fileRef = EEF29EFC22E0E4C800BA2012 /* HTTPHeaders.swift */; };
		EEF29F1E22E0E4C800BA2012 /* HTTPMethod.swift in Sources */ = {isa = PBXBuildFile; fileRef = EEF29EFD22E0E4C800BA2012 /* HTTPMethod.swift */; };
		EEF29F1F22E0E4C800BA2012 /* Validation.swift in Sources */ = {isa = PBXBuildFile; fileRef = EEF29EFE22E0E4C800BA2012 /* Validation.swift */; };
		EEF29F2022E0E4C800BA2012 /* NetworkReachabilityManager.swift in Sources */ = {isa = PBXBuildFile; fileRef = EEF29EFF22E0E4C800BA2012 /* NetworkReachabilityManager.swift */; };
		EEF29F2122E0E4C800BA2012 /* RetryPolicy.swift in Sources */ = {isa = PBXBuildFile; fileRef = EEF29F0022E0E4C800BA2012 /* RetryPolicy.swift */; };
		EEF29F2222E0E4C800BA2012 /* AFError.swift in Sources */ = {isa = PBXBuildFile; fileRef = EEF29F0122E0E4C800BA2012 /* AFError.swift */; };
/* End PBXBuildFile section */

/* Begin PBXContainerItemProxy section */
		EEF29EC322E09D5D00BA2012 /* PBXContainerItemProxy */ = {
			isa = PBXContainerItemProxy;
			containerPortal = EEF29EA622E09D5B00BA2012 /* Project object */;
			proxyType = 1;
			remoteGlobalIDString = EEF29EAD22E09D5B00BA2012;
			remoteInfo = Lobddit;
		};
/* End PBXContainerItemProxy section */

/* Begin PBXFileReference section */
		EE75D46222E0F58300618223 /* Lobddit-Bridging-Header.h */ = {isa = PBXFileReference; lastKnownFileType = sourcecode.c.h; path = "Lobddit-Bridging-Header.h"; sourceTree = "<group>"; };
		EE75D46322E0F58400618223 /* HNKSimpleFetcher.h */ = {isa = PBXFileReference; fileEncoding = 4; lastKnownFileType = sourcecode.c.h; name = HNKSimpleFetcher.h; path = Lobddit/frameworks/Haneke/Haneke/HNKSimpleFetcher.h; sourceTree = "<group>"; };
		EE75D46422E0F58400618223 /* UIImageView+Haneke.h */ = {isa = PBXFileReference; fileEncoding = 4; lastKnownFileType = sourcecode.c.h; name = "UIImageView+Haneke.h"; path = "Lobddit/frameworks/Haneke/Haneke/UIImageView+Haneke.h"; sourceTree = "<group>"; };
		EE75D46522E0F58400618223 /* HNKSimpleFetcher.m */ = {isa = PBXFileReference; fileEncoding = 4; lastKnownFileType = sourcecode.c.objc; name = HNKSimpleFetcher.m; path = Lobddit/frameworks/Haneke/Haneke/HNKSimpleFetcher.m; sourceTree = "<group>"; };
		EE75D46622E0F58400618223 /* UIView+Haneke.h */ = {isa = PBXFileReference; fileEncoding = 4; lastKnownFileType = sourcecode.c.h; name = "UIView+Haneke.h"; path = "Lobddit/frameworks/Haneke/Haneke/UIView+Haneke.h"; sourceTree = "<group>"; };
		EE75D46722E0F58400618223 /* UIImageView+Haneke.m */ = {isa = PBXFileReference; fileEncoding = 4; lastKnownFileType = sourcecode.c.objc; name = "UIImageView+Haneke.m"; path = "Lobddit/frameworks/Haneke/Haneke/UIImageView+Haneke.m"; sourceTree = "<group>"; };
		EE75D46822E0F58400618223 /* HNKCache.m */ = {isa = PBXFileReference; fileEncoding = 4; lastKnownFileType = sourcecode.c.objc; name = HNKCache.m; path = Lobddit/frameworks/Haneke/Haneke/HNKCache.m; sourceTree = "<group>"; };
		EE75D46922E0F58400618223 /* HNKDiskFetcher.h */ = {isa = PBXFileReference; fileEncoding = 4; lastKnownFileType = sourcecode.c.h; name = HNKDiskFetcher.h; path = Lobddit/frameworks/Haneke/Haneke/HNKDiskFetcher.h; sourceTree = "<group>"; };
		EE75D46A22E0F58400618223 /* HNKDiskFetcher.m */ = {isa = PBXFileReference; fileEncoding = 4; lastKnownFileType = sourcecode.c.objc; name = HNKDiskFetcher.m; path = Lobddit/frameworks/Haneke/Haneke/HNKDiskFetcher.m; sourceTree = "<group>"; };
		EE75D46B22E0F58500618223 /* UIButton+Haneke.m */ = {isa = PBXFileReference; fileEncoding = 4; lastKnownFileType = sourcecode.c.objc; name = "UIButton+Haneke.m"; path = "Lobddit/frameworks/Haneke/Haneke/UIButton+Haneke.m"; sourceTree = "<group>"; };
		EE75D46C22E0F58500618223 /* UIButton+Haneke.h */ = {isa = PBXFileReference; fileEncoding = 4; lastKnownFileType = sourcecode.c.h; name = "UIButton+Haneke.h"; path = "Lobddit/frameworks/Haneke/Haneke/UIButton+Haneke.h"; sourceTree = "<group>"; };
		EE75D46D22E0F58500618223 /* UIView+Haneke.m */ = {isa = PBXFileReference; fileEncoding = 4; lastKnownFileType = sourcecode.c.objc; name = "UIView+Haneke.m"; path = "Lobddit/frameworks/Haneke/Haneke/UIView+Haneke.m"; sourceTree = "<group>"; };
		EE75D46E22E0F58500618223 /* HNKDiskCache.h */ = {isa = PBXFileReference; fileEncoding = 4; lastKnownFileType = sourcecode.c.h; name = HNKDiskCache.h; path = Lobddit/frameworks/Haneke/Haneke/HNKDiskCache.h; sourceTree = "<group>"; };
		EE75D46F22E0F58500618223 /* HNKNetworkFetcher.h */ = {isa = PBXFileReference; fileEncoding = 4; lastKnownFileType = sourcecode.c.h; name = HNKNetworkFetcher.h; path = Lobddit/frameworks/Haneke/Haneke/HNKNetworkFetcher.h; sourceTree = "<group>"; };
		EE75D47022E0F58500618223 /* Haneke.h */ = {isa = PBXFileReference; fileEncoding = 4; lastKnownFileType = sourcecode.c.h; name = Haneke.h; path = Lobddit/frameworks/Haneke/Haneke/Haneke.h; sourceTree = "<group>"; };
		EE75D47122E0F58500618223 /* HNKNetworkFetcher.m */ = {isa = PBXFileReference; fileEncoding = 4; lastKnownFileType = sourcecode.c.objc; name = HNKNetworkFetcher.m; path = Lobddit/frameworks/Haneke/Haneke/HNKNetworkFetcher.m; sourceTree = "<group>"; };
		EE75D47222E0F58500618223 /* HNKDiskCache.m */ = {isa = PBXFileReference; fileEncoding = 4; lastKnownFileType = sourcecode.c.objc; name = HNKDiskCache.m; path = Lobddit/frameworks/Haneke/Haneke/HNKDiskCache.m; sourceTree = "<group>"; };
		EE75D47322E0F58500618223 /* HNKCache.h */ = {isa = PBXFileReference; fileEncoding = 4; lastKnownFileType = sourcecode.c.h; name = HNKCache.h; path = Lobddit/frameworks/Haneke/Haneke/HNKCache.h; sourceTree = "<group>"; };
		EE75D47C22E0FDF800618223 /* ArticleViewController.swift */ = {isa = PBXFileReference; lastKnownFileType = sourcecode.swift; path = ArticleViewController.swift; sourceTree = "<group>"; };
		EE75D48122E1069A00618223 /* WebKit.framework */ = {isa = PBXFileReference; lastKnownFileType = wrapper.framework; name = WebKit.framework; path = System/Library/Frameworks/WebKit.framework; sourceTree = SDKROOT; };
		EEF29EAE22E09D5B00BA2012 /* Lobddit.app */ = {isa = PBXFileReference; explicitFileType = wrapper.application; includeInIndex = 0; path = Lobddit.app; sourceTree = BUILT_PRODUCTS_DIR; };
		EEF29EB122E09D5B00BA2012 /* AppDelegate.swift */ = {isa = PBXFileReference; lastKnownFileType = sourcecode.swift; path = AppDelegate.swift; sourceTree = "<group>"; };
		EEF29EB322E09D5B00BA2012 /* MainViewController.swift */ = {isa = PBXFileReference; lastKnownFileType = sourcecode.swift; path = MainViewController.swift; sourceTree = "<group>"; };
		EEF29EB622E09D5B00BA2012 /* Base */ = {isa = PBXFileReference; lastKnownFileType = file.storyboard; name = Base; path = Base.lproj/Main.storyboard; sourceTree = "<group>"; };
		EEF29EB822E09D5D00BA2012 /* Assets.xcassets */ = {isa = PBXFileReference; lastKnownFileType = folder.assetcatalog; path = Assets.xcassets; sourceTree = "<group>"; };
		EEF29EBB22E09D5D00BA2012 /* Base */ = {isa = PBXFileReference; lastKnownFileType = file.storyboard; name = Base; path = Base.lproj/LaunchScreen.storyboard; sourceTree = "<group>"; };
		EEF29EBD22E09D5D00BA2012 /* Info.plist */ = {isa = PBXFileReference; lastKnownFileType = text.plist.xml; path = Info.plist; sourceTree = "<group>"; };
		EEF29EC222E09D5D00BA2012 /* LobdditTests.xctest */ = {isa = PBXFileReference; explicitFileType = wrapper.cfbundle; includeInIndex = 0; path = LobdditTests.xctest; sourceTree = BUILT_PRODUCTS_DIR; };
		EEF29EC622E09D5D00BA2012 /* LobdditTests.swift */ = {isa = PBXFileReference; lastKnownFileType = sourcecode.swift; path = LobdditTests.swift; sourceTree = "<group>"; };
		EEF29EC822E09D5D00BA2012 /* Info.plist */ = {isa = PBXFileReference; lastKnownFileType = text.plist.xml; path = Info.plist; sourceTree = "<group>"; };
		EEF29ED122E09E2800BA2012 /* README.md */ = {isa = PBXFileReference; lastKnownFileType = net.daringfireball.markdown; path = README.md; sourceTree = "<group>"; };
		EEF29ED222E09EC400BA2012 /* RedditAPI.swift */ = {isa = PBXFileReference; lastKnownFileType = sourcecode.swift; path = RedditAPI.swift; sourceTree = "<group>"; };
		EEF29ED622E0A06E00BA2012 /* testData404.json */ = {isa = PBXFileReference; fileEncoding = 4; lastKnownFileType = text.json; path = testData404.json; sourceTree = "<group>"; };
		EEF29ED722E0A06E00BA2012 /* testDataNormal.json */ = {isa = PBXFileReference; fileEncoding = 4; lastKnownFileType = text.json; path = testDataNormal.json; sourceTree = "<group>"; };
		EEF29EDC22E0AA2E00BA2012 /* RedditModel.swift */ = {isa = PBXFileReference; lastKnownFileType = sourcecode.swift; path = RedditModel.swift; sourceTree = "<group>"; };
		EEF29EE022E0E4C600BA2012 /* Alamofire.swift */ = {isa = PBXFileReference; fileEncoding = 4; lastKnownFileType = sourcecode.swift; name = Alamofire.swift; path = Lobddit/frameworks/Alamofire/Source/Alamofire.swift; sourceTree = "<group>"; };
		EEF29EE122E0E4C600BA2012 /* OperationQueue+Alamofire.swift */ = {isa = PBXFileReference; fileEncoding = 4; lastKnownFileType = sourcecode.swift; name = "OperationQueue+Alamofire.swift"; path = "Lobddit/frameworks/Alamofire/Source/OperationQueue+Alamofire.swift"; sourceTree = "<group>"; };
		EEF29EE222E0E4C600BA2012 /* Info.plist */ = {isa = PBXFileReference; fileEncoding = 4; lastKnownFileType = text.plist.xml; name = Info.plist; path = Lobddit/frameworks/Alamofire/Source/Info.plist; sourceTree = "<group>"; };
		EEF29EE322E0E4C600BA2012 /* CachedResponseHandler.swift */ = {isa = PBXFileReference; fileEncoding = 4; lastKnownFileType = sourcecode.swift; name = CachedResponseHandler.swift; path = Lobddit/frameworks/Alamofire/Source/CachedResponseHandler.swift; sourceTree = "<group>"; };
		EEF29EE422E0E4C600BA2012 /* RequestInterceptor.swift */ = {isa = PBXFileReference; fileEncoding = 4; lastKnownFileType = sourcecode.swift; name = RequestInterceptor.swift; path = Lobddit/frameworks/Alamofire/Source/RequestInterceptor.swift; sourceTree = "<group>"; };
		EEF29EE522E0E4C600BA2012 /* Protector.swift */ = {isa = PBXFileReference; fileEncoding = 4; lastKnownFileType = sourcecode.swift; name = Protector.swift; path = Lobddit/frameworks/Alamofire/Source/Protector.swift; sourceTree = "<group>"; };
		EEF29EE622E0E4C600BA2012 /* Response.swift */ = {isa = PBXFileReference; fileEncoding = 4; lastKnownFileType = sourcecode.swift; name = Response.swift; path = Lobddit/frameworks/Alamofire/Source/Response.swift; sourceTree = "<group>"; };
		EEF29EE722E0E4C600BA2012 /* Notifications.swift */ = {isa = PBXFileReference; fileEncoding = 4; lastKnownFileType = sourcecode.swift; name = Notifications.swift; path = Lobddit/frameworks/Alamofire/Source/Notifications.swift; sourceTree = "<group>"; };
		EEF29EE822E0E4C600BA2012 /* RequestTaskMap.swift */ = {isa = PBXFileReference; fileEncoding = 4; lastKnownFileType = sourcecode.swift; name = RequestTaskMap.swift; path = Lobddit/frameworks/Alamofire/Source/RequestTaskMap.swift; sourceTree = "<group>"; };
		EEF29EE922E0E4C600BA2012 /* ResponseSerialization.swift */ = {isa = PBXFileReference; fileEncoding = 4; lastKnownFileType = sourcecode.swift; name = ResponseSerialization.swift; path = Lobddit/frameworks/Alamofire/Source/ResponseSerialization.swift; sourceTree = "<group>"; };
		EEF29EEA22E0E4C600BA2012 /* DispatchQueue+Alamofire.swift */ = {isa = PBXFileReference; fileEncoding = 4; lastKnownFileType = sourcecode.swift; name = "DispatchQueue+Alamofire.swift"; path = "Lobddit/frameworks/Alamofire/Source/DispatchQueue+Alamofire.swift"; sourceTree = "<group>"; };
		EEF29EEB22E0E4C600BA2012 /* Session.swift */ = {isa = PBXFileReference; fileEncoding = 4; lastKnownFileType = sourcecode.swift; name = Session.swift; path = Lobddit/frameworks/Alamofire/Source/Session.swift; sourceTree = "<group>"; };
		EEF29EEC22E0E4C600BA2012 /* URLSessionConfiguration+Alamofire.swift */ = {isa = PBXFileReference; fileEncoding = 4; lastKnownFileType = sourcecode.swift; name = "URLSessionConfiguration+Alamofire.swift"; path = "Lobddit/frameworks/Alamofire/Source/URLSessionConfiguration+Alamofire.swift"; sourceTree = "<group>"; };
		EEF29EED22E0E4C600BA2012 /* ParameterEncoder.swift */ = {isa = PBXFileReference; fileEncoding = 4; lastKnownFileType = sourcecode.swift; name = ParameterEncoder.swift; path = Lobddit/frameworks/Alamofire/Source/ParameterEncoder.swift; sourceTree = "<group>"; };
		EEF29EEE22E0E4C700BA2012 /* AlamofireExtended.swift */ = {isa = PBXFileReference; fileEncoding = 4; lastKnownFileType = sourcecode.swift; name = AlamofireExtended.swift; path = Lobddit/frameworks/Alamofire/Source/AlamofireExtended.swift; sourceTree = "<group>"; };
		EEF29EEF22E0E4C700BA2012 /* MultipartUpload.swift */ = {isa = PBXFileReference; fileEncoding = 4; lastKnownFileType = sourcecode.swift; name = MultipartUpload.swift; path = Lobddit/frameworks/Alamofire/Source/MultipartUpload.swift; sourceTree = "<group>"; };
		EEF29EF022E0E4C700BA2012 /* RedirectHandler.swift */ = {isa = PBXFileReference; fileEncoding = 4; lastKnownFileType = sourcecode.swift; name = RedirectHandler.swift; path = Lobddit/frameworks/Alamofire/Source/RedirectHandler.swift; sourceTree = "<group>"; };
		EEF29EF122E0E4C700BA2012 /* EventMonitor.swift */ = {isa = PBXFileReference; fileEncoding = 4; lastKnownFileType = sourcecode.swift; name = EventMonitor.swift; path = Lobddit/frameworks/Alamofire/Source/EventMonitor.swift; sourceTree = "<group>"; };
		EEF29EF222E0E4C700BA2012 /* Alamofire.h */ = {isa = PBXFileReference; fileEncoding = 4; lastKnownFileType = sourcecode.c.h; name = Alamofire.h; path = Lobddit/frameworks/Alamofire/Source/Alamofire.h; sourceTree = "<group>"; };
		EEF29EF322E0E4C700BA2012 /* ServerTrustEvaluation.swift */ = {isa = PBXFileReference; fileEncoding = 4; lastKnownFileType = sourcecode.swift; name = ServerTrustEvaluation.swift; path = Lobddit/frameworks/Alamofire/Source/ServerTrustEvaluation.swift; sourceTree = "<group>"; };
		EEF29EF422E0E4C700BA2012 /* ParameterEncoding.swift */ = {isa = PBXFileReference; fileEncoding = 4; lastKnownFileType = sourcecode.swift; name = ParameterEncoding.swift; path = Lobddit/frameworks/Alamofire/Source/ParameterEncoding.swift; sourceTree = "<group>"; };
		EEF29EF522E0E4C700BA2012 /* Request.swift */ = {isa = PBXFileReference; fileEncoding = 4; lastKnownFileType = sourcecode.swift; name = Request.swift; path = Lobddit/frameworks/Alamofire/Source/Request.swift; sourceTree = "<group>"; };
		EEF29EF622E0E4C700BA2012 /* MultipartFormData.swift */ = {isa = PBXFileReference; fileEncoding = 4; lastKnownFileType = sourcecode.swift; name = MultipartFormData.swift; path = Lobddit/frameworks/Alamofire/Source/MultipartFormData.swift; sourceTree = "<group>"; };
		EEF29EF722E0E4C700BA2012 /* URLConvertible+URLRequestConvertible.swift */ = {isa = PBXFileReference; fileEncoding = 4; lastKnownFileType = sourcecode.swift; name = "URLConvertible+URLRequestConvertible.swift"; path = "Lobddit/frameworks/Alamofire/Source/URLConvertible+URLRequestConvertible.swift"; sourceTree = "<group>"; };
		EEF29EF822E0E4C700BA2012 /* AFResult.swift */ = {isa = PBXFileReference; fileEncoding = 4; lastKnownFileType = sourcecode.swift; name = AFResult.swift; path = Lobddit/frameworks/Alamofire/Source/AFResult.swift; sourceTree = "<group>"; };
		EEF29EF922E0E4C700BA2012 /* URLEncodedFormEncoder.swift */ = {isa = PBXFileReference; fileEncoding = 4; lastKnownFileType = sourcecode.swift; name = URLEncodedFormEncoder.swift; path = Lobddit/frameworks/Alamofire/Source/URLEncodedFormEncoder.swift; sourceTree = "<group>"; };
		EEF29EFA22E0E4C700BA2012 /* SessionDelegate.swift */ = {isa = PBXFileReference; fileEncoding = 4; lastKnownFileType = sourcecode.swift; name = SessionDelegate.swift; path = Lobddit/frameworks/Alamofire/Source/SessionDelegate.swift; sourceTree = "<group>"; };
		EEF29EFB22E0E4C700BA2012 /* URLRequest+Alamofire.swift */ = {isa = PBXFileReference; fileEncoding = 4; lastKnownFileType = sourcecode.swift; name = "URLRequest+Alamofire.swift"; path = "Lobddit/frameworks/Alamofire/Source/URLRequest+Alamofire.swift"; sourceTree = "<group>"; };
		EEF29EFC22E0E4C800BA2012 /* HTTPHeaders.swift */ = {isa = PBXFileReference; fileEncoding = 4; lastKnownFileType = sourcecode.swift; name = HTTPHeaders.swift; path = Lobddit/frameworks/Alamofire/Source/HTTPHeaders.swift; sourceTree = "<group>"; };
		EEF29EFD22E0E4C800BA2012 /* HTTPMethod.swift */ = {isa = PBXFileReference; fileEncoding = 4; lastKnownFileType = sourcecode.swift; name = HTTPMethod.swift; path = Lobddit/frameworks/Alamofire/Source/HTTPMethod.swift; sourceTree = "<group>"; };
		EEF29EFE22E0E4C800BA2012 /* Validation.swift */ = {isa = PBXFileReference; fileEncoding = 4; lastKnownFileType = sourcecode.swift; name = Validation.swift; path = Lobddit/frameworks/Alamofire/Source/Validation.swift; sourceTree = "<group>"; };
		EEF29EFF22E0E4C800BA2012 /* NetworkReachabilityManager.swift */ = {isa = PBXFileReference; fileEncoding = 4; lastKnownFileType = sourcecode.swift; name = NetworkReachabilityManager.swift; path = Lobddit/frameworks/Alamofire/Source/NetworkReachabilityManager.swift; sourceTree = "<group>"; };
		EEF29F0022E0E4C800BA2012 /* RetryPolicy.swift */ = {isa = PBXFileReference; fileEncoding = 4; lastKnownFileType = sourcecode.swift; name = RetryPolicy.swift; path = Lobddit/frameworks/Alamofire/Source/RetryPolicy.swift; sourceTree = "<group>"; };
		EEF29F0122E0E4C800BA2012 /* AFError.swift */ = {isa = PBXFileReference; fileEncoding = 4; lastKnownFileType = sourcecode.swift; name = AFError.swift; path = Lobddit/frameworks/Alamofire/Source/AFError.swift; sourceTree = "<group>"; };
/* End PBXFileReference section */

/* Begin PBXFrameworksBuildPhase section */
		EEF29EAB22E09D5B00BA2012 /* Frameworks */ = {
			isa = PBXFrameworksBuildPhase;
			buildActionMask = 2147483647;
			files = (
				EE75D48222E1069A00618223 /* WebKit.framework in Frameworks */,
			);
			runOnlyForDeploymentPostprocessing = 0;
		};
		EEF29EBF22E09D5D00BA2012 /* Frameworks */ = {
			isa = PBXFrameworksBuildPhase;
			buildActionMask = 2147483647;
			files = (
			);
			runOnlyForDeploymentPostprocessing = 0;
		};
/* End PBXFrameworksBuildPhase section */

/* Begin PBXGroup section */
		EE75D46122E0F53900618223 /* Haneke */ = {
			isa = PBXGroup;
			children = (
				EE75D47022E0F58500618223 /* Haneke.h */,
				EE75D47322E0F58500618223 /* HNKCache.h */,
				EE75D46822E0F58400618223 /* HNKCache.m */,
				EE75D46E22E0F58500618223 /* HNKDiskCache.h */,
				EE75D47222E0F58500618223 /* HNKDiskCache.m */,
				EE75D46922E0F58400618223 /* HNKDiskFetcher.h */,
				EE75D46A22E0F58400618223 /* HNKDiskFetcher.m */,
				EE75D46F22E0F58500618223 /* HNKNetworkFetcher.h */,
				EE75D47122E0F58500618223 /* HNKNetworkFetcher.m */,
				EE75D46322E0F58400618223 /* HNKSimpleFetcher.h */,
				EE75D46522E0F58400618223 /* HNKSimpleFetcher.m */,
				EE75D46C22E0F58500618223 /* UIButton+Haneke.h */,
				EE75D46B22E0F58500618223 /* UIButton+Haneke.m */,
				EE75D46422E0F58400618223 /* UIImageView+Haneke.h */,
				EE75D46722E0F58400618223 /* UIImageView+Haneke.m */,
				EE75D46622E0F58400618223 /* UIView+Haneke.h */,
				EE75D46D22E0F58500618223 /* UIView+Haneke.m */,
			);
			name = Haneke;
			sourceTree = "<group>";
		};
		EE75D48022E1069A00618223 /* Frameworks */ = {
			isa = PBXGroup;
			children = (
				EE75D48122E1069A00618223 /* WebKit.framework */,
			);
			name = Frameworks;
			sourceTree = "<group>";
		};
		EEF29EA522E09D5B00BA2012 = {
			isa = PBXGroup;
			children = (
				EE75D46122E0F53900618223 /* Haneke */,
				EEF29EDF22E0E4AC00BA2012 /* Alamofire */,
				EEF29ED122E09E2800BA2012 /* README.md */,
				EEF29EB022E09D5B00BA2012 /* Lobddit */,
				EEF29EC522E09D5D00BA2012 /* LobdditTests */,
				EEF29EAF22E09D5B00BA2012 /* Products */,
				EE75D48022E1069A00618223 /* Frameworks */,
			);
			sourceTree = "<group>";
		};
		EEF29EAF22E09D5B00BA2012 /* Products */ = {
			isa = PBXGroup;
			children = (
				EEF29EAE22E09D5B00BA2012 /* Lobddit.app */,
				EEF29EC222E09D5D00BA2012 /* LobdditTests.xctest */,
			);
			name = Products;
			sourceTree = "<group>";
		};
		EEF29EB022E09D5B00BA2012 /* Lobddit */ = {
			isa = PBXGroup;
			children = (
				EE75D46222E0F58300618223 /* Lobddit-Bridging-Header.h */,
				EEF29EB122E09D5B00BA2012 /* AppDelegate.swift */,
				EEF29EB322E09D5B00BA2012 /* MainViewController.swift */,
				EE75D47C22E0FDF800618223 /* ArticleViewController.swift */,
				EEF29EB522E09D5B00BA2012 /* Main.storyboard */,
				EEF29EB822E09D5D00BA2012 /* Assets.xcassets */,
				EEF29EBA22E09D5D00BA2012 /* LaunchScreen.storyboard */,
				EEF29EBD22E09D5D00BA2012 /* Info.plist */,
				EEF29ED522E09F1900BA2012 /* Models */,
			);
			path = Lobddit;
			sourceTree = "<group>";
		};
		EEF29EC522E09D5D00BA2012 /* LobdditTests */ = {
			isa = PBXGroup;
			children = (
				EEF29ED622E0A06E00BA2012 /* testData404.json */,
				EEF29ED722E0A06E00BA2012 /* testDataNormal.json */,
				EEF29EC622E09D5D00BA2012 /* LobdditTests.swift */,
				EEF29EC822E09D5D00BA2012 /* Info.plist */,
			);
			path = LobdditTests;
			sourceTree = "<group>";
		};
		EEF29ED522E09F1900BA2012 /* Models */ = {
			isa = PBXGroup;
			children = (
				EEF29ED222E09EC400BA2012 /* RedditAPI.swift */,
				EEF29EDC22E0AA2E00BA2012 /* RedditModel.swift */,
			);
			name = Models;
			sourceTree = "<group>";
		};
		EEF29EDF22E0E4AC00BA2012 /* Alamofire */ = {
			isa = PBXGroup;
			children = (
				EEF29F0122E0E4C800BA2012 /* AFError.swift */,
				EEF29EF822E0E4C700BA2012 /* AFResult.swift */,
				EEF29EF222E0E4C700BA2012 /* Alamofire.h */,
				EEF29EE022E0E4C600BA2012 /* Alamofire.swift */,
				EEF29EEE22E0E4C700BA2012 /* AlamofireExtended.swift */,
				EEF29EE322E0E4C600BA2012 /* CachedResponseHandler.swift */,
				EEF29EEA22E0E4C600BA2012 /* DispatchQueue+Alamofire.swift */,
				EEF29EF122E0E4C700BA2012 /* EventMonitor.swift */,
				EEF29EFC22E0E4C800BA2012 /* HTTPHeaders.swift */,
				EEF29EFD22E0E4C800BA2012 /* HTTPMethod.swift */,
				EEF29EE222E0E4C600BA2012 /* Info.plist */,
				EEF29EF622E0E4C700BA2012 /* MultipartFormData.swift */,
				EEF29EEF22E0E4C700BA2012 /* MultipartUpload.swift */,
				EEF29EFF22E0E4C800BA2012 /* NetworkReachabilityManager.swift */,
				EEF29EE722E0E4C600BA2012 /* Notifications.swift */,
				EEF29EE122E0E4C600BA2012 /* OperationQueue+Alamofire.swift */,
				EEF29EED22E0E4C600BA2012 /* ParameterEncoder.swift */,
				EEF29EF422E0E4C700BA2012 /* ParameterEncoding.swift */,
				EEF29EE522E0E4C600BA2012 /* Protector.swift */,
				EEF29EF022E0E4C700BA2012 /* RedirectHandler.swift */,
				EEF29EF522E0E4C700BA2012 /* Request.swift */,
				EEF29EE422E0E4C600BA2012 /* RequestInterceptor.swift */,
				EEF29EE822E0E4C600BA2012 /* RequestTaskMap.swift */,
				EEF29EE622E0E4C600BA2012 /* Response.swift */,
				EEF29EE922E0E4C600BA2012 /* ResponseSerialization.swift */,
				EEF29F0022E0E4C800BA2012 /* RetryPolicy.swift */,
				EEF29EF322E0E4C700BA2012 /* ServerTrustEvaluation.swift */,
				EEF29EEB22E0E4C600BA2012 /* Session.swift */,
				EEF29EFA22E0E4C700BA2012 /* SessionDelegate.swift */,
				EEF29EF722E0E4C700BA2012 /* URLConvertible+URLRequestConvertible.swift */,
				EEF29EF922E0E4C700BA2012 /* URLEncodedFormEncoder.swift */,
				EEF29EFB22E0E4C700BA2012 /* URLRequest+Alamofire.swift */,
				EEF29EEC22E0E4C600BA2012 /* URLSessionConfiguration+Alamofire.swift */,
				EEF29EFE22E0E4C800BA2012 /* Validation.swift */,
			);
			name = Alamofire;
			sourceTree = "<group>";
		};
/* End PBXGroup section */

/* Begin PBXNativeTarget section */
		EEF29EAD22E09D5B00BA2012 /* Lobddit */ = {
			isa = PBXNativeTarget;
			buildConfigurationList = EEF29ECB22E09D5D00BA2012 /* Build configuration list for PBXNativeTarget "Lobddit" */;
			buildPhases = (
				EEF29EAA22E09D5B00BA2012 /* Sources */,
				EEF29EAB22E09D5B00BA2012 /* Frameworks */,
				EEF29EAC22E09D5B00BA2012 /* Resources */,
			);
			buildRules = (
			);
			dependencies = (
			);
			name = Lobddit;
			productName = Lobddit;
			productReference = EEF29EAE22E09D5B00BA2012 /* Lobddit.app */;
			productType = "com.apple.product-type.application";
		};
		EEF29EC122E09D5D00BA2012 /* LobdditTests */ = {
			isa = PBXNativeTarget;
			buildConfigurationList = EEF29ECE22E09D5D00BA2012 /* Build configuration list for PBXNativeTarget "LobdditTests" */;
			buildPhases = (
				EEF29EBE22E09D5D00BA2012 /* Sources */,
				EEF29EBF22E09D5D00BA2012 /* Frameworks */,
				EEF29EC022E09D5D00BA2012 /* Resources */,
			);
			buildRules = (
			);
			dependencies = (
				EEF29EC422E09D5D00BA2012 /* PBXTargetDependency */,
			);
			name = LobdditTests;
			productName = LobdditTests;
			productReference = EEF29EC222E09D5D00BA2012 /* LobdditTests.xctest */;
			productType = "com.apple.product-type.bundle.unit-test";
		};
/* End PBXNativeTarget section */

/* Begin PBXProject section */
		EEF29EA622E09D5B00BA2012 /* Project object */ = {
			isa = PBXProject;
			attributes = {
				LastSwiftUpdateCheck = 1020;
				LastUpgradeCheck = 1020;
				ORGANIZATIONNAME = "Michael Tai";
				TargetAttributes = {
					EEF29EAD22E09D5B00BA2012 = {
						CreatedOnToolsVersion = 10.2.1;
						LastSwiftMigration = 1020;
					};
					EEF29EC122E09D5D00BA2012 = {
						CreatedOnToolsVersion = 10.2.1;
						TestTargetID = EEF29EAD22E09D5B00BA2012;
					};
				};
			};
			buildConfigurationList = EEF29EA922E09D5B00BA2012 /* Build configuration list for PBXProject "Lobddit" */;
			compatibilityVersion = "Xcode 9.3";
			developmentRegion = en;
			hasScannedForEncodings = 0;
			knownRegions = (
				en,
				Base,
			);
			mainGroup = EEF29EA522E09D5B00BA2012;
			productRefGroup = EEF29EAF22E09D5B00BA2012 /* Products */;
			projectDirPath = "";
			projectRoot = "";
			targets = (
				EEF29EAD22E09D5B00BA2012 /* Lobddit */,
				EEF29EC122E09D5D00BA2012 /* LobdditTests */,
			);
		};
/* End PBXProject section */

/* Begin PBXResourcesBuildPhase section */
		EEF29EAC22E09D5B00BA2012 /* Resources */ = {
			isa = PBXResourcesBuildPhase;
			buildActionMask = 2147483647;
			files = (
				EEF29EDA22E0A06E00BA2012 /* testDataNormal.json in Resources */,
				EEF29EBC22E09D5D00BA2012 /* LaunchScreen.storyboard in Resources */,
				EEF29EB922E09D5D00BA2012 /* Assets.xcassets in Resources */,
				EEF29ED822E0A06E00BA2012 /* testData404.json in Resources */,
				EEF29EB722E09D5B00BA2012 /* Main.storyboard in Resources */,
			);
			runOnlyForDeploymentPostprocessing = 0;
		};
		EEF29EC022E09D5D00BA2012 /* Resources */ = {
			isa = PBXResourcesBuildPhase;
			buildActionMask = 2147483647;
			files = (
				EEF29EDB22E0A06E00BA2012 /* testDataNormal.json in Resources */,
				EEF29ED922E0A06E00BA2012 /* testData404.json in Resources */,
			);
			runOnlyForDeploymentPostprocessing = 0;
		};
/* End PBXResourcesBuildPhase section */

/* Begin PBXSourcesBuildPhase section */
		EEF29EAA22E09D5B00BA2012 /* Sources */ = {
			isa = PBXSourcesBuildPhase;
			buildActionMask = 2147483647;
			files = (
				EEF29F1522E0E4C800BA2012 /* ParameterEncoding.swift in Sources */,
				EEF29F1622E0E4C800BA2012 /* Request.swift in Sources */,
				EE75D47822E0F58600618223 /* UIButton+Haneke.m in Sources */,
				EEF29F0522E0E4C800BA2012 /* CachedResponseHandler.swift in Sources */,
				EEF29F1822E0E4C800BA2012 /* URLConvertible+URLRequestConvertible.swift in Sources */,
				EEF29F1C22E0E4C800BA2012 /* URLRequest+Alamofire.swift in Sources */,
				EEF29EB422E09D5B00BA2012 /* MainViewController.swift in Sources */,
				EEF29F0922E0E4C800BA2012 /* Notifications.swift in Sources */,
				EE75D47622E0F58600618223 /* HNKCache.m in Sources */,
				EEF29F0F22E0E4C800BA2012 /* ParameterEncoder.swift in Sources */,
				EEF29F2122E0E4C800BA2012 /* RetryPolicy.swift in Sources */,
				EEF29F1A22E0E4C800BA2012 /* URLEncodedFormEncoder.swift in Sources */,
				EEF29F0222E0E4C800BA2012 /* Alamofire.swift in Sources */,
				EEF29F1922E0E4C800BA2012 /* AFResult.swift in Sources */,
				EEF29F0622E0E4C800BA2012 /* RequestInterceptor.swift in Sources */,
				EEF29F1E22E0E4C800BA2012 /* HTTPMethod.swift in Sources */,
				EE75D47522E0F58600618223 /* UIImageView+Haneke.m in Sources */,
				EEF29F1F22E0E4C800BA2012 /* Validation.swift in Sources */,
				EEF29F0D22E0E4C800BA2012 /* Session.swift in Sources */,
				EEF29F0A22E0E4C800BA2012 /* RequestTaskMap.swift in Sources */,
				EEF29F1122E0E4C800BA2012 /* MultipartUpload.swift in Sources */,
				EEF29F0822E0E4C800BA2012 /* Response.swift in Sources */,
				EE75D47D22E0FDF800618223 /* ArticleViewController.swift in Sources */,
				EE75D47A22E0F58600618223 /* HNKNetworkFetcher.m in Sources */,
				EE75D47922E0F58600618223 /* UIView+Haneke.m in Sources */,
				EEF29F2022E0E4C800BA2012 /* NetworkReachabilityManager.swift in Sources */,
				EE75D47B22E0F58600618223 /* HNKDiskCache.m in Sources */,
				EEF29F0322E0E4C800BA2012 /* OperationQueue+Alamofire.swift in Sources */,
				EEF29F0C22E0E4C800BA2012 /* DispatchQueue+Alamofire.swift in Sources */,
				EEF29F1D22E0E4C800BA2012 /* HTTPHeaders.swift in Sources */,
				EEF29F1222E0E4C800BA2012 /* RedirectHandler.swift in Sources */,
				EE75D47422E0F58600618223 /* HNKSimpleFetcher.m in Sources */,
				EEF29F1422E0E4C800BA2012 /* ServerTrustEvaluation.swift in Sources */,
				EEF29EDD22E0AA2E00BA2012 /* RedditModel.swift in Sources */,
				EEF29EB222E09D5B00BA2012 /* AppDelegate.swift in Sources */,
				EEF29F0E22E0E4C800BA2012 /* URLSessionConfiguration+Alamofire.swift in Sources */,
				EEF29F1722E0E4C800BA2012 /* MultipartFormData.swift in Sources */,
				EE75D47722E0F58600618223 /* HNKDiskFetcher.m in Sources */,
				EEF29F2222E0E4C800BA2012 /* AFError.swift in Sources */,
				EEF29F1B22E0E4C800BA2012 /* SessionDelegate.swift in Sources */,
				EEF29ED322E09EC400BA2012 /* RedditAPI.swift in Sources */,
				EEF29F0B22E0E4C800BA2012 /* ResponseSerialization.swift in Sources */,
				EEF29F1322E0E4C800BA2012 /* EventMonitor.swift in Sources */,
				EEF29F0722E0E4C800BA2012 /* Protector.swift in Sources */,
				EEF29F1022E0E4C800BA2012 /* AlamofireExtended.swift in Sources */,
			);
			runOnlyForDeploymentPostprocessing = 0;
		};
		EEF29EBE22E09D5D00BA2012 /* Sources */ = {
			isa = PBXSourcesBuildPhase;
			buildActionMask = 2147483647;
			files = (
				EEF29EDE22E0AA2E00BA2012 /* RedditModel.swift in Sources */,
				EEF29EC722E09D5D00BA2012 /* LobdditTests.swift in Sources */,
			);
			runOnlyForDeploymentPostprocessing = 0;
		};
/* End PBXSourcesBuildPhase section */

/* Begin PBXTargetDependency section */
		EEF29EC422E09D5D00BA2012 /* PBXTargetDependency */ = {
			isa = PBXTargetDependency;
			target = EEF29EAD22E09D5B00BA2012 /* Lobddit */;
			targetProxy = EEF29EC322E09D5D00BA2012 /* PBXContainerItemProxy */;
		};
/* End PBXTargetDependency section */

/* Begin PBXVariantGroup section */
		EEF29EB522E09D5B00BA2012 /* Main.storyboard */ = {
			isa = PBXVariantGroup;
			children = (
				EEF29EB622E09D5B00BA2012 /* Base */,
			);
			name = Main.storyboard;
			sourceTree = "<group>";
		};
		EEF29EBA22E09D5D00BA2012 /* LaunchScreen.storyboard */ = {
			isa = PBXVariantGroup;
			children = (
				EEF29EBB22E09D5D00BA2012 /* Base */,
			);
			name = LaunchScreen.storyboard;
			sourceTree = "<group>";
		};
/* End PBXVariantGroup section */

/* Begin XCBuildConfiguration section */
		EEF29EC922E09D5D00BA2012 /* Debug */ = {
			isa = XCBuildConfiguration;
			buildSettings = {
				ALWAYS_SEARCH_USER_PATHS = NO;
				CLANG_ANALYZER_NONNULL = YES;
				CLANG_ANALYZER_NUMBER_OBJECT_CONVERSION = YES_AGGRESSIVE;
				CLANG_CXX_LANGUAGE_STANDARD = "gnu++14";
				CLANG_CXX_LIBRARY = "libc++";
				CLANG_ENABLE_MODULES = YES;
				CLANG_ENABLE_OBJC_ARC = YES;
				CLANG_ENABLE_OBJC_WEAK = YES;
				CLANG_WARN_BLOCK_CAPTURE_AUTORELEASING = YES;
				CLANG_WARN_BOOL_CONVERSION = YES;
				CLANG_WARN_COMMA = YES;
				CLANG_WARN_CONSTANT_CONVERSION = YES;
				CLANG_WARN_DEPRECATED_OBJC_IMPLEMENTATIONS = YES;
				CLANG_WARN_DIRECT_OBJC_ISA_USAGE = YES_ERROR;
				CLANG_WARN_DOCUMENTATION_COMMENTS = YES;
				CLANG_WARN_EMPTY_BODY = YES;
				CLANG_WARN_ENUM_CONVERSION = YES;
				CLANG_WARN_INFINITE_RECURSION = YES;
				CLANG_WARN_INT_CONVERSION = YES;
				CLANG_WARN_NON_LITERAL_NULL_CONVERSION = YES;
				CLANG_WARN_OBJC_IMPLICIT_RETAIN_SELF = YES;
				CLANG_WARN_OBJC_LITERAL_CONVERSION = YES;
				CLANG_WARN_OBJC_ROOT_CLASS = YES_ERROR;
				CLANG_WARN_RANGE_LOOP_ANALYSIS = YES;
				CLANG_WARN_STRICT_PROTOTYPES = YES;
				CLANG_WARN_SUSPICIOUS_MOVE = YES;
				CLANG_WARN_UNGUARDED_AVAILABILITY = YES_AGGRESSIVE;
				CLANG_WARN_UNREACHABLE_CODE = YES;
				CLANG_WARN__DUPLICATE_METHOD_MATCH = YES;
				CODE_SIGN_IDENTITY = "iPhone Developer";
				COPY_PHASE_STRIP = NO;
				DEBUG_INFORMATION_FORMAT = dwarf;
				ENABLE_STRICT_OBJC_MSGSEND = YES;
				ENABLE_TESTABILITY = YES;
				GCC_C_LANGUAGE_STANDARD = gnu11;
				GCC_DYNAMIC_NO_PIC = NO;
				GCC_NO_COMMON_BLOCKS = YES;
				GCC_OPTIMIZATION_LEVEL = 0;
				GCC_PREPROCESSOR_DEFINITIONS = (
					"DEBUG=1",
					"$(inherited)",
				);
				GCC_WARN_64_TO_32_BIT_CONVERSION = YES;
				GCC_WARN_ABOUT_RETURN_TYPE = YES_ERROR;
				GCC_WARN_UNDECLARED_SELECTOR = YES;
				GCC_WARN_UNINITIALIZED_AUTOS = YES_AGGRESSIVE;
				GCC_WARN_UNUSED_FUNCTION = YES;
				GCC_WARN_UNUSED_VARIABLE = YES;
				IPHONEOS_DEPLOYMENT_TARGET = 12.2;
				MTL_ENABLE_DEBUG_INFO = INCLUDE_SOURCE;
				MTL_FAST_MATH = YES;
				ONLY_ACTIVE_ARCH = YES;
				SDKROOT = iphoneos;
				SWIFT_ACTIVE_COMPILATION_CONDITIONS = DEBUG;
				SWIFT_OPTIMIZATION_LEVEL = "-Onone";
			};
			name = Debug;
		};
		EEF29ECA22E09D5D00BA2012 /* Release */ = {
			isa = XCBuildConfiguration;
			buildSettings = {
				ALWAYS_SEARCH_USER_PATHS = NO;
				CLANG_ANALYZER_NONNULL = YES;
				CLANG_ANALYZER_NUMBER_OBJECT_CONVERSION = YES_AGGRESSIVE;
				CLANG_CXX_LANGUAGE_STANDARD = "gnu++14";
				CLANG_CXX_LIBRARY = "libc++";
				CLANG_ENABLE_MODULES = YES;
				CLANG_ENABLE_OBJC_ARC = YES;
				CLANG_ENABLE_OBJC_WEAK = YES;
				CLANG_WARN_BLOCK_CAPTURE_AUTORELEASING = YES;
				CLANG_WARN_BOOL_CONVERSION = YES;
				CLANG_WARN_COMMA = YES;
				CLANG_WARN_CONSTANT_CONVERSION = YES;
				CLANG_WARN_DEPRECATED_OBJC_IMPLEMENTATIONS = YES;
				CLANG_WARN_DIRECT_OBJC_ISA_USAGE = YES_ERROR;
				CLANG_WARN_DOCUMENTATION_COMMENTS = YES;
				CLANG_WARN_EMPTY_BODY = YES;
				CLANG_WARN_ENUM_CONVERSION = YES;
				CLANG_WARN_INFINITE_RECURSION = YES;
				CLANG_WARN_INT_CONVERSION = YES;
				CLANG_WARN_NON_LITERAL_NULL_CONVERSION = YES;
				CLANG_WARN_OBJC_IMPLICIT_RETAIN_SELF = YES;
				CLANG_WARN_OBJC_LITERAL_CONVERSION = YES;
				CLANG_WARN_OBJC_ROOT_CLASS = YES_ERROR;
				CLANG_WARN_RANGE_LOOP_ANALYSIS = YES;
				CLANG_WARN_STRICT_PROTOTYPES = YES;
				CLANG_WARN_SUSPICIOUS_MOVE = YES;
				CLANG_WARN_UNGUARDED_AVAILABILITY = YES_AGGRESSIVE;
				CLANG_WARN_UNREACHABLE_CODE = YES;
				CLANG_WARN__DUPLICATE_METHOD_MATCH = YES;
				CODE_SIGN_IDENTITY = "iPhone Developer";
				COPY_PHASE_STRIP = NO;
				DEBUG_INFORMATION_FORMAT = "dwarf-with-dsym";
				ENABLE_NS_ASSERTIONS = NO;
				ENABLE_STRICT_OBJC_MSGSEND = YES;
				GCC_C_LANGUAGE_STANDARD = gnu11;
				GCC_NO_COMMON_BLOCKS = YES;
				GCC_WARN_64_TO_32_BIT_CONVERSION = YES;
				GCC_WARN_ABOUT_RETURN_TYPE = YES_ERROR;
				GCC_WARN_UNDECLARED_SELECTOR = YES;
				GCC_WARN_UNINITIALIZED_AUTOS = YES_AGGRESSIVE;
				GCC_WARN_UNUSED_FUNCTION = YES;
				GCC_WARN_UNUSED_VARIABLE = YES;
				IPHONEOS_DEPLOYMENT_TARGET = 12.2;
				MTL_ENABLE_DEBUG_INFO = NO;
				MTL_FAST_MATH = YES;
				SDKROOT = iphoneos;
				SWIFT_COMPILATION_MODE = wholemodule;
				SWIFT_OPTIMIZATION_LEVEL = "-O";
				VALIDATE_PRODUCT = YES;
			};
			name = Release;
		};
		EEF29ECC22E09D5D00BA2012 /* Debug */ = {
			isa = XCBuildConfiguration;
			buildSettings = {
				ASSETCATALOG_COMPILER_APPICON_NAME = AppIcon;
				CLANG_ENABLE_MODULES = YES;
				CODE_SIGN_STYLE = Automatic;
				DEVELOPMENT_TEAM = 2S6P642Q26;
				INFOPLIST_FILE = Lobddit/Info.plist;
				LD_RUNPATH_SEARCH_PATHS = (
					"$(inherited)",
					"@executable_path/Frameworks",
				);
				PRODUCT_BUNDLE_IDENTIFIER = com.michael.tai.Lobddit;
				PRODUCT_NAME = "$(TARGET_NAME)";
				SWIFT_OBJC_BRIDGING_HEADER = "Lobddit/Lobddit-Bridging-Header.h";
				SWIFT_OPTIMIZATION_LEVEL = "-Onone";
				SWIFT_VERSION = 5.0;
				TARGETED_DEVICE_FAMILY = "1,2";
			};
			name = Debug;
		};
		EEF29ECD22E09D5D00BA2012 /* Release */ = {
			isa = XCBuildConfiguration;
			buildSettings = {
				ASSETCATALOG_COMPILER_APPICON_NAME = AppIcon;
				CLANG_ENABLE_MODULES = YES;
				CODE_SIGN_STYLE = Automatic;
				DEVELOPMENT_TEAM = 2S6P642Q26;
				INFOPLIST_FILE = Lobddit/Info.plist;
				LD_RUNPATH_SEARCH_PATHS = (
					"$(inherited)",
					"@executable_path/Frameworks",
				);
				PRODUCT_BUNDLE_IDENTIFIER = com.michael.tai.Lobddit;
				PRODUCT_NAME = "$(TARGET_NAME)";
				SWIFT_OBJC_BRIDGING_HEADER = "Lobddit/Lobddit-Bridging-Header.h";
				SWIFT_VERSION = 5.0;
				TARGETED_DEVICE_FAMILY = "1,2";
			};
			name = Release;
		};
		EEF29ECF22E09D5D00BA2012 /* Debug */ = {
			isa = XCBuildConfiguration;
			buildSettings = {
				ALWAYS_EMBED_SWIFT_STANDARD_LIBRARIES = YES;
				BUNDLE_LOADER = "$(TEST_HOST)";
				CODE_SIGN_STYLE = Automatic;
				DEVELOPMENT_TEAM = 2S6P642Q26;
				INFOPLIST_FILE = LobdditTests/Info.plist;
				LD_RUNPATH_SEARCH_PATHS = (
					"$(inherited)",
					"@executable_path/Frameworks",
					"@loader_path/Frameworks",
				);
				PRODUCT_BUNDLE_IDENTIFIER = com.michael.tai.LobdditTests;
				PRODUCT_NAME = "$(TARGET_NAME)";
				SWIFT_VERSION = 5.0;
				TARGETED_DEVICE_FAMILY = "1,2";
				TEST_HOST = "$(BUILT_PRODUCTS_DIR)/Lobddit.app/Lobddit";
			};
			name = Debug;
		};
		EEF29ED022E09D5D00BA2012 /* Release */ = {
			isa = XCBuildConfiguration;
			buildSettings = {
				ALWAYS_EMBED_SWIFT_STANDARD_LIBRARIES = YES;
				BUNDLE_LOADER = "$(TEST_HOST)";
				CODE_SIGN_STYLE = Automatic;
				DEVELOPMENT_TEAM = 2S6P642Q26;
				INFOPLIST_FILE = LobdditTests/Info.plist;
				LD_RUNPATH_SEARCH_PATHS = (
					"$(inherited)",
					"@executable_path/Frameworks",
					"@loader_path/Frameworks",
				);
				PRODUCT_BUNDLE_IDENTIFIER = com.michael.tai.LobdditTests;
				PRODUCT_NAME = "$(TARGET_NAME)";
				SWIFT_VERSION = 5.0;
				TARGETED_DEVICE_FAMILY = "1,2";
				TEST_HOST = "$(BUILT_PRODUCTS_DIR)/Lobddit.app/Lobddit";
			};
			name = Release;
		};
/* End XCBuildConfiguration section */

/* Begin XCConfigurationList section */
		EEF29EA922E09D5B00BA2012 /* Build configuration list for PBXProject "Lobddit" */ = {
			isa = XCConfigurationList;
			buildConfigurations = (
				EEF29EC922E09D5D00BA2012 /* Debug */,
				EEF29ECA22E09D5D00BA2012 /* Release */,
			);
			defaultConfigurationIsVisible = 0;
			defaultConfigurationName = Release;
		};
		EEF29ECB22E09D5D00BA2012 /* Build configuration list for PBXNativeTarget "Lobddit" */ = {
			isa = XCConfigurationList;
			buildConfigurations = (
				EEF29ECC22E09D5D00BA2012 /* Debug */,
				EEF29ECD22E09D5D00BA2012 /* Release */,
			);
			defaultConfigurationIsVisible = 0;
			defaultConfigurationName = Release;
		};
		EEF29ECE22E09D5D00BA2012 /* Build configuration list for PBXNativeTarget "LobdditTests" */ = {
			isa = XCConfigurationList;
			buildConfigurations = (
				EEF29ECF22E09D5D00BA2012 /* Debug */,
				EEF29ED022E09D5D00BA2012 /* Release */,
			);
			defaultConfigurationIsVisible = 0;
			defaultConfigurationName = Release;
		};
/* End XCConfigurationList section */
	};
	rootObject = EEF29EA622E09D5B00BA2012 /* Project object */;
}
